
Microsoft Visual Studio Solution File, Format Version 12.00
# Visual Studio Version 17
VisualStudioVersion = 17.5.002.0
MinimumVisualStudioVersion = 10.0.40219.1
Project("{9A19103F-16F7-4668-BE54-9A1E7A4F7556}") = "arthur", "arthur.csproj", "{9237222E-CCDB-49E2-954B-257AB3B7730D}"
EndProject
Global
	GlobalSection(SolutionConfigurationPlatforms) = preSolution
		Debug|Any CPU = Debug|Any CPU
		Release|Any CPU = Release|Any CPU
	EndGlobalSection
	GlobalSection(ProjectConfigurationPlatforms) = postSolution
		{9237222E-CCDB-49E2-954B-257AB3B7730D}.Debug|Any CPU.ActiveCfg = Debug|Any CPU
		{9237222E-CCDB-49E2-954B-257AB3B7730D}.Debug|Any CPU.Build.0 = Debug|Any CPU
		{9237222E-CCDB-49E2-954B-257AB3B7730D}.Release|Any CPU.ActiveCfg = Release|Any CPU
		{9237222E-CCDB-49E2-954B-257AB3B7730D}.Release|Any CPU.Build.0 = Release|Any CPU
	EndGlobalSection
	GlobalSection(SolutionProperties) = preSolution
		HideSolutionNode = FALSE
	EndGlobalSection
	GlobalSection(ExtensibilityGlobals) = postSolution
		SolutionGuid = {7F255F4B-AD95-4727-A0E6-F933938438A8}
	EndGlobalSection
EndGlobal
